// !$*UTF8*$!
{
	archiveVersion = 1;
	classes = {
	};
	objectVersion = 46;
	objects = {

/* Begin PBXBuildFile section */
		454094DE086FC4746570FA74 /* libPods.a in Frameworks */ = {isa = PBXBuildFile; fileRef = 96073C4CB2EC00CC11580D21 /* libPods.a */; };
		831264F71C86CC0700D48BEF /* BeforeStoriesModel.m in Sources */ = {isa = PBXBuildFile; fileRef = 831264F61C86CC0700D48BEF /* BeforeStoriesModel.m */; };
		831264FB1C86D9D400D48BEF /* DateConverter.m in Sources */ = {isa = PBXBuildFile; fileRef = 831264FA1C86D9D400D48BEF /* DateConverter.m */; };
		83471A2E1C8D4DAA00A46C17 /* MenuButton.m in Sources */ = {isa = PBXBuildFile; fileRef = 83471A2D1C8D4DAA00A46C17 /* MenuButton.m */; };
		83471A381C8D6F3B00A46C17 /* StoryDetailViewController.m in Sources */ = {isa = PBXBuildFile; fileRef = 83471A371C8D6F3B00A46C17 /* StoryDetailViewController.m */; };
		83471A3E1C8D836F00A46C17 /* StoryDetailWebView.m in Sources */ = {isa = PBXBuildFile; fileRef = 83471A3D1C8D836F00A46C17 /* StoryDetailWebView.m */; };
		83471A411C8D887700A46C17 /* StoryDetailModel.m in Sources */ = {isa = PBXBuildFile; fileRef = 83471A401C8D887700A46C17 /* StoryDetailModel.m */; };
		83471A441C8D8E3000A46C17 /* SectionModel.m in Sources */ = {isa = PBXBuildFile; fileRef = 83471A431C8D8E3000A46C17 /* SectionModel.m */; };
		8351C57E1C8F0F6C007D078B /* SlideMenuModel.m in Sources */ = {isa = PBXBuildFile; fileRef = 8351C57D1C8F0F6C007D078B /* SlideMenuModel.m */; };
		8351C5851C8F0FF2007D078B /* SlideMenuView.m in Sources */ = {isa = PBXBuildFile; fileRef = 8351C5841C8F0FF2007D078B /* SlideMenuView.m */; };
		8351C5881C8F1105007D078B /* SlideMenuViewController.m in Sources */ = {isa = PBXBuildFile; fileRef = 8351C5871C8F1105007D078B /* SlideMenuViewController.m */; };
		83599C0B1C8181120054E2EB /* main.m in Sources */ = {isa = PBXBuildFile; fileRef = 83599C0A1C8181120054E2EB /* main.m */; };
		83599C0E1C8181120054E2EB /* AppDelegate.m in Sources */ = {isa = PBXBuildFile; fileRef = 83599C0D1C8181120054E2EB /* AppDelegate.m */; };
		83599C141C8181120054E2EB /* Main.storyboard in Resources */ = {isa = PBXBuildFile; fileRef = 83599C121C8181120054E2EB /* Main.storyboard */; };
		83599C161C8181120054E2EB /* Assets.xcassets in Resources */ = {isa = PBXBuildFile; fileRef = 83599C151C8181120054E2EB /* Assets.xcassets */; };
		83599C191C8181120054E2EB /* LaunchScreen.storyboard in Resources */ = {isa = PBXBuildFile; fileRef = 83599C171C8181120054E2EB /* LaunchScreen.storyboard */; };
		83599C241C8181120054E2EB /* ZhihuDailyTests.m in Sources */ = {isa = PBXBuildFile; fileRef = 83599C231C8181120054E2EB /* ZhihuDailyTests.m */; };
		83599C2F1C8181120054E2EB /* ZhihuDailyUITests.m in Sources */ = {isa = PBXBuildFile; fileRef = 83599C2E1C8181120054E2EB /* ZhihuDailyUITests.m */; };
		836505231C8C65E8003F9949 /* NavigationView.m in Sources */ = {isa = PBXBuildFile; fileRef = 836505221C8C65E8003F9949 /* NavigationView.m */; };
		836505261C8C9424003F9949 /* DateHeaderView.m in Sources */ = {isa = PBXBuildFile; fileRef = 836505251C8C9424003F9949 /* DateHeaderView.m */; };
		836561541C8A9729000A14F7 /* ImageScrollView.m in Sources */ = {isa = PBXBuildFile; fileRef = 836561531C8A9729000A14F7 /* ImageScrollView.m */; };
		8387FFDA1C8B24B3004CAB78 /* TopImageView.m in Sources */ = {isa = PBXBuildFile; fileRef = 8387FFD91C8B24B3004CAB78 /* TopImageView.m */; };
		83A0676B1C8FC86600C89FDF /* SlideModelCellModel.m in Sources */ = {isa = PBXBuildFile; fileRef = 83A0676A1C8FC86600C89FDF /* SlideModelCellModel.m */; };
		83D2191A1C857CA800EA76E8 /* ImageStoryCell.m in Sources */ = {isa = PBXBuildFile; fileRef = 83D219191C857CA800EA76E8 /* ImageStoryCell.m */; };
		83D5F3361C81EFCC0071B958 /* SplashModel.m in Sources */ = {isa = PBXBuildFile; fileRef = 83D5F3311C81EFCC0071B958 /* SplashModel.m */; };
		83D5F3371C81EFCC0071B958 /* SplashView.m in Sources */ = {isa = PBXBuildFile; fileRef = 83D5F3331C81EFCC0071B958 /* SplashView.m */; };
		83D5F3381C81EFCC0071B958 /* SplashViewController.m in Sources */ = {isa = PBXBuildFile; fileRef = 83D5F3351C81EFCC0071B958 /* SplashViewController.m */; };
		83F776BF1C84340800386F8D /* AFHTTPSessionManager+SharedManager.m in Sources */ = {isa = PBXBuildFile; fileRef = 83F776BA1C84340800386F8D /* AFHTTPSessionManager+SharedManager.m */; };
		83F776C01C84340800386F8D /* ApiRequest.m in Sources */ = {isa = PBXBuildFile; fileRef = 83F776BC1C84340800386F8D /* ApiRequest.m */; };
		83F776C11C84340800386F8D /* NetworkClient.m in Sources */ = {isa = PBXBuildFile; fileRef = 83F776BE1C84340800386F8D /* NetworkClient.m */; };
		83F776C51C84AA8900386F8D /* DailyTableViewController.m in Sources */ = {isa = PBXBuildFile; fileRef = 83F776C41C84AA8900386F8D /* DailyTableViewController.m */; };
		83F776D51C84BCAB00386F8D /* StoryModel.m in Sources */ = {isa = PBXBuildFile; fileRef = 83F776D41C84BCAB00386F8D /* StoryModel.m */; };
		83F776DB1C84BD1200386F8D /* TopStoryModel.m in Sources */ = {isa = PBXBuildFile; fileRef = 83F776DA1C84BD1200386F8D /* TopStoryModel.m */; };
		83F776DE1C84CB3E00386F8D /* LatestStoriesModel.m in Sources */ = {isa = PBXBuildFile; fileRef = 83F776DD1C84CB3E00386F8D /* LatestStoriesModel.m */; };
/* End PBXBuildFile section */

/* Begin PBXContainerItemProxy section */
		83599C201C8181120054E2EB /* PBXContainerItemProxy */ = {
			isa = PBXContainerItemProxy;
			containerPortal = 83599BFE1C8181120054E2EB /* Project object */;
			proxyType = 1;
			remoteGlobalIDString = 83599C051C8181120054E2EB;
			remoteInfo = ZhihuDaily;
		};
		83599C2B1C8181120054E2EB /* PBXContainerItemProxy */ = {
			isa = PBXContainerItemProxy;
			containerPortal = 83599BFE1C8181120054E2EB /* Project object */;
			proxyType = 1;
			remoteGlobalIDString = 83599C051C8181120054E2EB;
			remoteInfo = ZhihuDaily;
		};
/* End PBXContainerItemProxy section */

/* Begin PBXFileReference section */
		01F833E51A57CF55310FED17 /* Pods.debug.xcconfig */ = {isa = PBXFileReference; includeInIndex = 1; lastKnownFileType = text.xcconfig; name = Pods.debug.xcconfig; path = "Pods/Target Support Files/Pods/Pods.debug.xcconfig"; sourceTree = "<group>"; };
		831264F51C86CC0700D48BEF /* BeforeStoriesModel.h */ = {isa = PBXFileReference; fileEncoding = 4; lastKnownFileType = sourcecode.c.h; name = BeforeStoriesModel.h; path = DailyList/BeforeStoriesModel.h; sourceTree = "<group>"; };
		831264F61C86CC0700D48BEF /* BeforeStoriesModel.m */ = {isa = PBXFileReference; fileEncoding = 4; lastKnownFileType = sourcecode.c.objc; name = BeforeStoriesModel.m; path = DailyList/BeforeStoriesModel.m; sourceTree = "<group>"; };
		831264F91C86D9D400D48BEF /* DateConverter.h */ = {isa = PBXFileReference; fileEncoding = 4; lastKnownFileType = sourcecode.c.h; name = DateConverter.h; path = Tools/DateConverter.h; sourceTree = "<group>"; };
		831264FA1C86D9D400D48BEF /* DateConverter.m */ = {isa = PBXFileReference; fileEncoding = 4; lastKnownFileType = sourcecode.c.objc; name = DateConverter.m; path = Tools/DateConverter.m; sourceTree = "<group>"; };
		83471A2C1C8D4DAA00A46C17 /* MenuButton.h */ = {isa = PBXFileReference; fileEncoding = 4; lastKnownFileType = sourcecode.c.h; name = MenuButton.h; path = DailyList/MenuButton.h; sourceTree = "<group>"; };
		83471A2D1C8D4DAA00A46C17 /* MenuButton.m */ = {isa = PBXFileReference; fileEncoding = 4; lastKnownFileType = sourcecode.c.objc; name = MenuButton.m; path = DailyList/MenuButton.m; sourceTree = "<group>"; };
		83471A361C8D6F3B00A46C17 /* StoryDetailViewController.h */ = {isa = PBXFileReference; fileEncoding = 4; lastKnownFileType = sourcecode.c.h; name = StoryDetailViewController.h; path = StoryDetail/StoryDetailViewController.h; sourceTree = "<group>"; };
		83471A371C8D6F3B00A46C17 /* StoryDetailViewController.m */ = {isa = PBXFileReference; fileEncoding = 4; lastKnownFileType = sourcecode.c.objc; name = StoryDetailViewController.m; path = StoryDetail/StoryDetailViewController.m; sourceTree = "<group>"; };
		83471A3C1C8D836F00A46C17 /* StoryDetailWebView.h */ = {isa = PBXFileReference; fileEncoding = 4; lastKnownFileType = sourcecode.c.h; name = StoryDetailWebView.h; path = StoryDetail/StoryDetailWebView.h; sourceTree = "<group>"; };
		83471A3D1C8D836F00A46C17 /* StoryDetailWebView.m */ = {isa = PBXFileReference; fileEncoding = 4; lastKnownFileType = sourcecode.c.objc; name = StoryDetailWebView.m; path = StoryDetail/StoryDetailWebView.m; sourceTree = "<group>"; };
		83471A3F1C8D887700A46C17 /* StoryDetailModel.h */ = {isa = PBXFileReference; fileEncoding = 4; lastKnownFileType = sourcecode.c.h; name = StoryDetailModel.h; path = StoryDetail/StoryDetailModel.h; sourceTree = "<group>"; };
		83471A401C8D887700A46C17 /* StoryDetailModel.m */ = {isa = PBXFileReference; fileEncoding = 4; lastKnownFileType = sourcecode.c.objc; name = StoryDetailModel.m; path = StoryDetail/StoryDetailModel.m; sourceTree = "<group>"; };
		83471A421C8D8E3000A46C17 /* SectionModel.h */ = {isa = PBXFileReference; fileEncoding = 4; lastKnownFileType = sourcecode.c.h; name = SectionModel.h; path = StoryDetail/SectionModel.h; sourceTree = "<group>"; };
		83471A431C8D8E3000A46C17 /* SectionModel.m */ = {isa = PBXFileReference; fileEncoding = 4; lastKnownFileType = sourcecode.c.objc; name = SectionModel.m; path = StoryDetail/SectionModel.m; sourceTree = "<group>"; };
		8351C5711C8E6334007D078B /* ZhihuDaily.pch */ = {isa = PBXFileReference; lastKnownFileType = sourcecode.c.h; path = ZhihuDaily.pch; sourceTree = "<group>"; };
		8351C57C1C8F0F6C007D078B /* SlideMenuModel.h */ = {isa = PBXFileReference; fileEncoding = 4; lastKnownFileType = sourcecode.c.h; name = SlideMenuModel.h; path = SlideMenu/SlideMenuModel.h; sourceTree = "<group>"; };
		8351C57D1C8F0F6C007D078B /* SlideMenuModel.m */ = {isa = PBXFileReference; fileEncoding = 4; lastKnownFileType = sourcecode.c.objc; name = SlideMenuModel.m; path = SlideMenu/SlideMenuModel.m; sourceTree = "<group>"; };
		8351C5831C8F0FF2007D078B /* SlideMenuView.h */ = {isa = PBXFileReference; fileEncoding = 4; lastKnownFileType = sourcecode.c.h; name = SlideMenuView.h; path = SlideMenu/SlideMenuView.h; sourceTree = "<group>"; };
		8351C5841C8F0FF2007D078B /* SlideMenuView.m */ = {isa = PBXFileReference; fileEncoding = 4; lastKnownFileType = sourcecode.c.objc; name = SlideMenuView.m; path = SlideMenu/SlideMenuView.m; sourceTree = "<group>"; };
		8351C5861C8F1105007D078B /* SlideMenuViewController.h */ = {isa = PBXFileReference; fileEncoding = 4; lastKnownFileType = sourcecode.c.h; name = SlideMenuViewController.h; path = SlideMenu/SlideMenuViewController.h; sourceTree = "<group>"; };
		8351C5871C8F1105007D078B /* SlideMenuViewController.m */ = {isa = PBXFileReference; fileEncoding = 4; lastKnownFileType = sourcecode.c.objc; name = SlideMenuViewController.m; path = SlideMenu/SlideMenuViewController.m; sourceTree = "<group>"; };
		83599C061C8181120054E2EB /* ZhihuDaily.app */ = {isa = PBXFileReference; explicitFileType = wrapper.application; includeInIndex = 0; path = ZhihuDaily.app; sourceTree = BUILT_PRODUCTS_DIR; };
		83599C0A1C8181120054E2EB /* main.m */ = {isa = PBXFileReference; lastKnownFileType = sourcecode.c.objc; path = main.m; sourceTree = "<group>"; };
		83599C0C1C8181120054E2EB /* AppDelegate.h */ = {isa = PBXFileReference; lastKnownFileType = sourcecode.c.h; path = AppDelegate.h; sourceTree = "<group>"; };
		83599C0D1C8181120054E2EB /* AppDelegate.m */ = {isa = PBXFileReference; lastKnownFileType = sourcecode.c.objc; path = AppDelegate.m; sourceTree = "<group>"; };
		83599C131C8181120054E2EB /* Base */ = {isa = PBXFileReference; lastKnownFileType = file.storyboard; name = Base; path = Base.lproj/Main.storyboard; sourceTree = "<group>"; };
		83599C151C8181120054E2EB /* Assets.xcassets */ = {isa = PBXFileReference; lastKnownFileType = folder.assetcatalog; path = Assets.xcassets; sourceTree = "<group>"; };
		83599C181C8181120054E2EB /* Base */ = {isa = PBXFileReference; lastKnownFileType = file.storyboard; name = Base; path = Base.lproj/LaunchScreen.storyboard; sourceTree = "<group>"; };
		83599C1A1C8181120054E2EB /* Info.plist */ = {isa = PBXFileReference; lastKnownFileType = text.plist.xml; path = Info.plist; sourceTree = "<group>"; };
		83599C1F1C8181120054E2EB /* ZhihuDailyTests.xctest */ = {isa = PBXFileReference; explicitFileType = wrapper.cfbundle; includeInIndex = 0; path = ZhihuDailyTests.xctest; sourceTree = BUILT_PRODUCTS_DIR; };
		83599C231C8181120054E2EB /* ZhihuDailyTests.m */ = {isa = PBXFileReference; lastKnownFileType = sourcecode.c.objc; path = ZhihuDailyTests.m; sourceTree = "<group>"; };
		83599C251C8181120054E2EB /* Info.plist */ = {isa = PBXFileReference; lastKnownFileType = text.plist.xml; path = Info.plist; sourceTree = "<group>"; };
		83599C2A1C8181120054E2EB /* ZhihuDailyUITests.xctest */ = {isa = PBXFileReference; explicitFileType = wrapper.cfbundle; includeInIndex = 0; path = ZhihuDailyUITests.xctest; sourceTree = BUILT_PRODUCTS_DIR; };
		83599C2E1C8181120054E2EB /* ZhihuDailyUITests.m */ = {isa = PBXFileReference; lastKnownFileType = sourcecode.c.objc; path = ZhihuDailyUITests.m; sourceTree = "<group>"; };
		83599C301C8181120054E2EB /* Info.plist */ = {isa = PBXFileReference; lastKnownFileType = text.plist.xml; path = Info.plist; sourceTree = "<group>"; };
		836505211C8C65E8003F9949 /* NavigationView.h */ = {isa = PBXFileReference; fileEncoding = 4; lastKnownFileType = sourcecode.c.h; name = NavigationView.h; path = DailyList/NavigationView.h; sourceTree = "<group>"; };
		836505221C8C65E8003F9949 /* NavigationView.m */ = {isa = PBXFileReference; fileEncoding = 4; lastKnownFileType = sourcecode.c.objc; name = NavigationView.m; path = DailyList/NavigationView.m; sourceTree = "<group>"; };
		836505241C8C9424003F9949 /* DateHeaderView.h */ = {isa = PBXFileReference; fileEncoding = 4; lastKnownFileType = sourcecode.c.h; name = DateHeaderView.h; path = DailyList/DateHeaderView.h; sourceTree = "<group>"; };
		836505251C8C9424003F9949 /* DateHeaderView.m */ = {isa = PBXFileReference; fileEncoding = 4; lastKnownFileType = sourcecode.c.objc; name = DateHeaderView.m; path = DailyList/DateHeaderView.m; sourceTree = "<group>"; };
		836561521C8A9729000A14F7 /* ImageScrollView.h */ = {isa = PBXFileReference; fileEncoding = 4; lastKnownFileType = sourcecode.c.h; name = ImageScrollView.h; path = DailyList/ImageScrollView.h; sourceTree = "<group>"; };
		836561531C8A9729000A14F7 /* ImageScrollView.m */ = {isa = PBXFileReference; fileEncoding = 4; lastKnownFileType = sourcecode.c.objc; name = ImageScrollView.m; path = DailyList/ImageScrollView.m; sourceTree = "<group>"; };
		8387FFD81C8B24B3004CAB78 /* TopImageView.h */ = {isa = PBXFileReference; fileEncoding = 4; lastKnownFileType = sourcecode.c.h; name = TopImageView.h; path = DailyList/TopImageView.h; sourceTree = "<group>"; };
		8387FFD91C8B24B3004CAB78 /* TopImageView.m */ = {isa = PBXFileReference; fileEncoding = 4; lastKnownFileType = sourcecode.c.objc; name = TopImageView.m; path = DailyList/TopImageView.m; sourceTree = "<group>"; };
		83A067691C8FC86600C89FDF /* SlideModelCellModel.h */ = {isa = PBXFileReference; fileEncoding = 4; lastKnownFileType = sourcecode.c.h; name = SlideModelCellModel.h; path = SlideMenu/SlideModelCellModel.h; sourceTree = "<group>"; };
		83A0676A1C8FC86600C89FDF /* SlideModelCellModel.m */ = {isa = PBXFileReference; fileEncoding = 4; lastKnownFileType = sourcecode.c.objc; name = SlideModelCellModel.m; path = SlideMenu/SlideModelCellModel.m; sourceTree = "<group>"; };
		83D219181C857CA800EA76E8 /* ImageStoryCell.h */ = {isa = PBXFileReference; fileEncoding = 4; lastKnownFileType = sourcecode.c.h; name = ImageStoryCell.h; path = DailyList/ImageStoryCell.h; sourceTree = "<group>"; };
		83D219191C857CA800EA76E8 /* ImageStoryCell.m */ = {isa = PBXFileReference; fileEncoding = 4; lastKnownFileType = sourcecode.c.objc; name = ImageStoryCell.m; path = DailyList/ImageStoryCell.m; sourceTree = "<group>"; };
		83D5F3301C81EFCC0071B958 /* SplashModel.h */ = {isa = PBXFileReference; fileEncoding = 4; lastKnownFileType = sourcecode.c.h; name = SplashModel.h; path = Splash/SplashModel.h; sourceTree = "<group>"; };
		83D5F3311C81EFCC0071B958 /* SplashModel.m */ = {isa = PBXFileReference; fileEncoding = 4; lastKnownFileType = sourcecode.c.objc; name = SplashModel.m; path = Splash/SplashModel.m; sourceTree = "<group>"; };
		83D5F3321C81EFCC0071B958 /* SplashView.h */ = {isa = PBXFileReference; fileEncoding = 4; lastKnownFileType = sourcecode.c.h; name = SplashView.h; path = Splash/SplashView.h; sourceTree = "<group>"; };
		83D5F3331C81EFCC0071B958 /* SplashView.m */ = {isa = PBXFileReference; fileEncoding = 4; lastKnownFileType = sourcecode.c.objc; name = SplashView.m; path = Splash/SplashView.m; sourceTree = "<group>"; };
		83D5F3341C81EFCC0071B958 /* SplashViewController.h */ = {isa = PBXFileReference; fileEncoding = 4; lastKnownFileType = sourcecode.c.h; name = SplashViewController.h; path = Splash/SplashViewController.h; sourceTree = "<group>"; };
		83D5F3351C81EFCC0071B958 /* SplashViewController.m */ = {isa = PBXFileReference; fileEncoding = 4; lastKnownFileType = sourcecode.c.objc; name = SplashViewController.m; path = Splash/SplashViewController.m; sourceTree = "<group>"; };
		83F776B91C84340800386F8D /* AFHTTPSessionManager+SharedManager.h */ = {isa = PBXFileReference; fileEncoding = 4; lastKnownFileType = sourcecode.c.h; name = "AFHTTPSessionManager+SharedManager.h"; path = "Api/AFHTTPSessionManager+SharedManager.h"; sourceTree = "<group>"; };
		83F776BA1C84340800386F8D /* AFHTTPSessionManager+SharedManager.m */ = {isa = PBXFileReference; fileEncoding = 4; lastKnownFileType = sourcecode.c.objc; name = "AFHTTPSessionManager+SharedManager.m"; path = "Api/AFHTTPSessionManager+SharedManager.m"; sourceTree = "<group>"; };
		83F776BB1C84340800386F8D /* ApiRequest.h */ = {isa = PBXFileReference; fileEncoding = 4; lastKnownFileType = sourcecode.c.h; name = ApiRequest.h; path = Api/ApiRequest.h; sourceTree = "<group>"; };
		83F776BC1C84340800386F8D /* ApiRequest.m */ = {isa = PBXFileReference; fileEncoding = 4; lastKnownFileType = sourcecode.c.objc; name = ApiRequest.m; path = Api/ApiRequest.m; sourceTree = "<group>"; };
		83F776BD1C84340800386F8D /* NetworkClient.h */ = {isa = PBXFileReference; fileEncoding = 4; lastKnownFileType = sourcecode.c.h; name = NetworkClient.h; path = Api/NetworkClient.h; sourceTree = "<group>"; };
		83F776BE1C84340800386F8D /* NetworkClient.m */ = {isa = PBXFileReference; fileEncoding = 4; lastKnownFileType = sourcecode.c.objc; name = NetworkClient.m; path = Api/NetworkClient.m; sourceTree = "<group>"; };
		83F776C31C84AA8900386F8D /* DailyTableViewController.h */ = {isa = PBXFileReference; fileEncoding = 4; lastKnownFileType = sourcecode.c.h; name = DailyTableViewController.h; path = DailyList/DailyTableViewController.h; sourceTree = "<group>"; };
		83F776C41C84AA8900386F8D /* DailyTableViewController.m */ = {isa = PBXFileReference; fileEncoding = 4; lastKnownFileType = sourcecode.c.objc; name = DailyTableViewController.m; path = DailyList/DailyTableViewController.m; sourceTree = "<group>"; };
		83F776D31C84BCAB00386F8D /* StoryModel.h */ = {isa = PBXFileReference; fileEncoding = 4; lastKnownFileType = sourcecode.c.h; name = StoryModel.h; path = DailyList/StoryModel.h; sourceTree = "<group>"; };
		83F776D41C84BCAB00386F8D /* StoryModel.m */ = {isa = PBXFileReference; fileEncoding = 4; lastKnownFileType = sourcecode.c.objc; name = StoryModel.m; path = DailyList/StoryModel.m; sourceTree = "<group>"; };
		83F776D91C84BD1200386F8D /* TopStoryModel.h */ = {isa = PBXFileReference; fileEncoding = 4; lastKnownFileType = sourcecode.c.h; name = TopStoryModel.h; path = DailyList/TopStoryModel.h; sourceTree = "<group>"; };
		83F776DA1C84BD1200386F8D /* TopStoryModel.m */ = {isa = PBXFileReference; fileEncoding = 4; lastKnownFileType = sourcecode.c.objc; name = TopStoryModel.m; path = DailyList/TopStoryModel.m; sourceTree = "<group>"; };
		83F776DC1C84CB3E00386F8D /* LatestStoriesModel.h */ = {isa = PBXFileReference; fileEncoding = 4; lastKnownFileType = sourcecode.c.h; name = LatestStoriesModel.h; path = DailyList/LatestStoriesModel.h; sourceTree = "<group>"; };
		83F776DD1C84CB3E00386F8D /* LatestStoriesModel.m */ = {isa = PBXFileReference; fileEncoding = 4; lastKnownFileType = sourcecode.c.objc; name = LatestStoriesModel.m; path = DailyList/LatestStoriesModel.m; sourceTree = "<group>"; };
		96073C4CB2EC00CC11580D21 /* libPods.a */ = {isa = PBXFileReference; explicitFileType = archive.ar; includeInIndex = 0; path = libPods.a; sourceTree = BUILT_PRODUCTS_DIR; };
		BA36B153378AACC1C1174823 /* Pods.release.xcconfig */ = {isa = PBXFileReference; includeInIndex = 1; lastKnownFileType = text.xcconfig; name = Pods.release.xcconfig; path = "Pods/Target Support Files/Pods/Pods.release.xcconfig"; sourceTree = "<group>"; };
/* End PBXFileReference section */

/* Begin PBXFrameworksBuildPhase section */
		83599C031C8181120054E2EB /* Frameworks */ = {
			isa = PBXFrameworksBuildPhase;
			buildActionMask = 2147483647;
			files = (
				454094DE086FC4746570FA74 /* libPods.a in Frameworks */,
			);
			runOnlyForDeploymentPostprocessing = 0;
		};
		83599C1C1C8181120054E2EB /* Frameworks */ = {
			isa = PBXFrameworksBuildPhase;
			buildActionMask = 2147483647;
			files = (
			);
			runOnlyForDeploymentPostprocessing = 0;
		};
		83599C271C8181120054E2EB /* Frameworks */ = {
			isa = PBXFrameworksBuildPhase;
			buildActionMask = 2147483647;
			files = (
			);
			runOnlyForDeploymentPostprocessing = 0;
		};
/* End PBXFrameworksBuildPhase section */

/* Begin PBXGroup section */
		831264F81C86D8FC00D48BEF /* Tools */ = {
			isa = PBXGroup;
			children = (
				831264F91C86D9D400D48BEF /* DateConverter.h */,
				831264FA1C86D9D400D48BEF /* DateConverter.m */,
			);
			name = Tools;
			sourceTree = "<group>";
		};
		833B80DE1C831D78009C4E48 /* View */ = {
			isa = PBXGroup;
			children = (
				83D5F3321C81EFCC0071B958 /* SplashView.h */,
				83D5F3331C81EFCC0071B958 /* SplashView.m */,
			);
			name = View;
			sourceTree = "<group>";
		};
		833B80DF1C831D84009C4E48 /* Model */ = {
			isa = PBXGroup;
			children = (
				83D5F3301C81EFCC0071B958 /* SplashModel.h */,
				83D5F3311C81EFCC0071B958 /* SplashModel.m */,
			);
			name = Model;
			sourceTree = "<group>";
		};
		833B80E01C831D8E009C4E48 /* Controller */ = {
			isa = PBXGroup;
			children = (
				83D5F3341C81EFCC0071B958 /* SplashViewController.h */,
				83D5F3351C81EFCC0071B958 /* SplashViewController.m */,
			);
			name = Controller;
			sourceTree = "<group>";
		};
		83471A2F1C8D675000A46C17 /* StoryDetail */ = {
			isa = PBXGroup;
			children = (
				83471A3B1C8D7ECB00A46C17 /* Model */,
				83471A3A1C8D7EC400A46C17 /* View */,
				83471A391C8D7EA300A46C17 /* Controller */,
			);
			name = StoryDetail;
			sourceTree = "<group>";
		};
		83471A391C8D7EA300A46C17 /* Controller */ = {
			isa = PBXGroup;
			children = (
				83471A361C8D6F3B00A46C17 /* StoryDetailViewController.h */,
				83471A371C8D6F3B00A46C17 /* StoryDetailViewController.m */,
			);
			name = Controller;
			sourceTree = "<group>";
		};
		83471A3A1C8D7EC400A46C17 /* View */ = {
			isa = PBXGroup;
			children = (
				83471A3C1C8D836F00A46C17 /* StoryDetailWebView.h */,
				83471A3D1C8D836F00A46C17 /* StoryDetailWebView.m */,
			);
			name = View;
			sourceTree = "<group>";
		};
		83471A3B1C8D7ECB00A46C17 /* Model */ = {
			isa = PBXGroup;
			children = (
				83471A421C8D8E3000A46C17 /* SectionModel.h */,
				83471A431C8D8E3000A46C17 /* SectionModel.m */,
				83471A3F1C8D887700A46C17 /* StoryDetailModel.h */,
				83471A401C8D887700A46C17 /* StoryDetailModel.m */,
			);
			name = Model;
			sourceTree = "<group>";
		};
		8351C5721C8F0DB0007D078B /* SlideMenu */ = {
			isa = PBXGroup;
			children = (
				8351C57B1C8F0F23007D078B /* Model */,
				8351C57A1C8F0F20007D078B /* View */,
				8351C5791C8F0F1D007D078B /* Controller */,
			);
			name = SlideMenu;
			sourceTree = "<group>";
		};
		8351C5791C8F0F1D007D078B /* Controller */ = {
			isa = PBXGroup;
			children = (
				8351C5861C8F1105007D078B /* SlideMenuViewController.h */,
				8351C5871C8F1105007D078B /* SlideMenuViewController.m */,
			);
			name = Controller;
			sourceTree = "<group>";
		};
		8351C57A1C8F0F20007D078B /* View */ = {
			isa = PBXGroup;
			children = (
				8351C5831C8F0FF2007D078B /* SlideMenuView.h */,
				8351C5841C8F0FF2007D078B /* SlideMenuView.m */,
			);
			name = View;
			sourceTree = "<group>";
		};
		8351C57B1C8F0F23007D078B /* Model */ = {
			isa = PBXGroup;
			children = (
				83A067691C8FC86600C89FDF /* SlideModelCellModel.h */,
				83A0676A1C8FC86600C89FDF /* SlideModelCellModel.m */,
				8351C57C1C8F0F6C007D078B /* SlideMenuModel.h */,
				8351C57D1C8F0F6C007D078B /* SlideMenuModel.m */,
			);
			name = Model;
			sourceTree = "<group>";
		};
		83599BFD1C8181120054E2EB = {
			isa = PBXGroup;
			children = (
				83599C081C8181120054E2EB /* ZhihuDaily */,
				83599C221C8181120054E2EB /* ZhihuDailyTests */,
				83599C2D1C8181120054E2EB /* ZhihuDailyUITests */,
				83599C071C8181120054E2EB /* Products */,
				D944D50D7E781BD1F80F1A1A /* Pods */,
				DB7856DE4A3E9775D42E7F77 /* Frameworks */,
			);
			sourceTree = "<group>";
		};
		83599C071C8181120054E2EB /* Products */ = {
			isa = PBXGroup;
			children = (
				83599C061C8181120054E2EB /* ZhihuDaily.app */,
				83599C1F1C8181120054E2EB /* ZhihuDailyTests.xctest */,
				83599C2A1C8181120054E2EB /* ZhihuDailyUITests.xctest */,
			);
			name = Products;
			sourceTree = "<group>";
		};
		83599C081C8181120054E2EB /* ZhihuDaily */ = {
			isa = PBXGroup;
			children = (
				83599C0C1C8181120054E2EB /* AppDelegate.h */,
				83599C0D1C8181120054E2EB /* AppDelegate.m */,
				83599C121C8181120054E2EB /* Main.storyboard */,
				83599C171C8181120054E2EB /* LaunchScreen.storyboard */,
				83599C151C8181120054E2EB /* Assets.xcassets */,
				83599C1A1C8181120054E2EB /* Info.plist */,
				831264F81C86D8FC00D48BEF /* Tools */,
				83599C3D1C8181CB0054E2EB /* Api */,
				83D5F3391C81EFD70071B958 /* Splash */,
				83F776C21C84A8EB00386F8D /* DailyList */,
				83471A2F1C8D675000A46C17 /* StoryDetail */,
				8351C5721C8F0DB0007D078B /* SlideMenu */,
				83599C091C8181120054E2EB /* Supporting Files */,
			);
			path = ZhihuDaily;
			sourceTree = "<group>";
		};
		83599C091C8181120054E2EB /* Supporting Files */ = {
			isa = PBXGroup;
			children = (
				83599C0A1C8181120054E2EB /* main.m */,
				8351C5711C8E6334007D078B /* ZhihuDaily.pch */,
			);
			name = "Supporting Files";
			sourceTree = "<group>";
		};
		83599C221C8181120054E2EB /* ZhihuDailyTests */ = {
			isa = PBXGroup;
			children = (
				83599C231C8181120054E2EB /* ZhihuDailyTests.m */,
				83599C251C8181120054E2EB /* Info.plist */,
			);
			path = ZhihuDailyTests;
			sourceTree = "<group>";
		};
		83599C2D1C8181120054E2EB /* ZhihuDailyUITests */ = {
			isa = PBXGroup;
			children = (
				83599C2E1C8181120054E2EB /* ZhihuDailyUITests.m */,
				83599C301C8181120054E2EB /* Info.plist */,
			);
			path = ZhihuDailyUITests;
			sourceTree = "<group>";
		};
		83599C3D1C8181CB0054E2EB /* Api */ = {
			isa = PBXGroup;
			children = (
				83F776BD1C84340800386F8D /* NetworkClient.h */,
				83F776BE1C84340800386F8D /* NetworkClient.m */,
				83F776B91C84340800386F8D /* AFHTTPSessionManager+SharedManager.h */,
				83F776BA1C84340800386F8D /* AFHTTPSessionManager+SharedManager.m */,
				83F776BB1C84340800386F8D /* ApiRequest.h */,
				83F776BC1C84340800386F8D /* ApiRequest.m */,
			);
			name = Api;
			sourceTree = "<group>";
		};
		83D5F3391C81EFD70071B958 /* Splash */ = {
			isa = PBXGroup;
			children = (
				833B80DF1C831D84009C4E48 /* Model */,
				833B80DE1C831D78009C4E48 /* View */,
				833B80E01C831D8E009C4E48 /* Controller */,
			);
			name = Splash;
			sourceTree = "<group>";
		};
		83F776C21C84A8EB00386F8D /* DailyList */ = {
			isa = PBXGroup;
			children = (
				83F776C71C84AC0F00386F8D /* Model */,
				83F776C91C84AC2B00386F8D /* View */,
				83F776C61C84AC0200386F8D /* Controller */,
			);
			name = DailyList;
			sourceTree = "<group>";
		};
		83F776C61C84AC0200386F8D /* Controller */ = {
			isa = PBXGroup;
			children = (
				83F776C31C84AA8900386F8D /* DailyTableViewController.h */,
				83F776C41C84AA8900386F8D /* DailyTableViewController.m */,
			);
			name = Controller;
			sourceTree = "<group>";
		};
		83F776C71C84AC0F00386F8D /* Model */ = {
			isa = PBXGroup;
			children = (
				83F776D31C84BCAB00386F8D /* StoryModel.h */,
				83F776D41C84BCAB00386F8D /* StoryModel.m */,
				83F776D91C84BD1200386F8D /* TopStoryModel.h */,
				83F776DA1C84BD1200386F8D /* TopStoryModel.m */,
				83F776DC1C84CB3E00386F8D /* LatestStoriesModel.h */,
				83F776DD1C84CB3E00386F8D /* LatestStoriesModel.m */,
				831264F51C86CC0700D48BEF /* BeforeStoriesModel.h */,
				831264F61C86CC0700D48BEF /* BeforeStoriesModel.m */,
			);
			name = Model;
			sourceTree = "<group>";
		};
		83F776C91C84AC2B00386F8D /* View */ = {
			isa = PBXGroup;
			children = (
				83D219181C857CA800EA76E8 /* ImageStoryCell.h */,
				83D219191C857CA800EA76E8 /* ImageStoryCell.m */,
				8387FFD81C8B24B3004CAB78 /* TopImageView.h */,
				8387FFD91C8B24B3004CAB78 /* TopImageView.m */,
				836561521C8A9729000A14F7 /* ImageScrollView.h */,
				836561531C8A9729000A14F7 /* ImageScrollView.m */,
				836505211C8C65E8003F9949 /* NavigationView.h */,
				836505221C8C65E8003F9949 /* NavigationView.m */,
				836505241C8C9424003F9949 /* DateHeaderView.h */,
				836505251C8C9424003F9949 /* DateHeaderView.m */,
				83471A2C1C8D4DAA00A46C17 /* MenuButton.h */,
				83471A2D1C8D4DAA00A46C17 /* MenuButton.m */,
			);
			name = View;
			sourceTree = "<group>";
		};
		D944D50D7E781BD1F80F1A1A /* Pods */ = {
			isa = PBXGroup;
			children = (
				01F833E51A57CF55310FED17 /* Pods.debug.xcconfig */,
				BA36B153378AACC1C1174823 /* Pods.release.xcconfig */,
			);
			name = Pods;
			sourceTree = "<group>";
		};
		DB7856DE4A3E9775D42E7F77 /* Frameworks */ = {
			isa = PBXGroup;
			children = (
				96073C4CB2EC00CC11580D21 /* libPods.a */,
			);
			name = Frameworks;
			sourceTree = "<group>";
		};
/* End PBXGroup section */

/* Begin PBXNativeTarget section */
		83599C051C8181120054E2EB /* ZhihuDaily */ = {
			isa = PBXNativeTarget;
			buildConfigurationList = 83599C331C8181120054E2EB /* Build configuration list for PBXNativeTarget "ZhihuDaily" */;
			buildPhases = (
				1D3A368A5EB33783F4A6D39F /* Check Pods Manifest.lock */,
				83599C021C8181120054E2EB /* Sources */,
				83599C031C8181120054E2EB /* Frameworks */,
				83599C041C8181120054E2EB /* Resources */,
				DEC76EBD2A0738F8BC9CCDCD /* Embed Pods Frameworks */,
				7D4A200DD33F9963AFF6C51B /* Copy Pods Resources */,
			);
			buildRules = (
			);
			dependencies = (
			);
			name = ZhihuDaily;
			productName = ZhihuDaily;
			productReference = 83599C061C8181120054E2EB /* ZhihuDaily.app */;
			productType = "com.apple.product-type.application";
		};
		83599C1E1C8181120054E2EB /* ZhihuDailyTests */ = {
			isa = PBXNativeTarget;
			buildConfigurationList = 83599C361C8181120054E2EB /* Build configuration list for PBXNativeTarget "ZhihuDailyTests" */;
			buildPhases = (
				83599C1B1C8181120054E2EB /* Sources */,
				83599C1C1C8181120054E2EB /* Frameworks */,
				83599C1D1C8181120054E2EB /* Resources */,
			);
			buildRules = (
			);
			dependencies = (
				83599C211C8181120054E2EB /* PBXTargetDependency */,
			);
			name = ZhihuDailyTests;
			productName = ZhihuDailyTests;
			productReference = 83599C1F1C8181120054E2EB /* ZhihuDailyTests.xctest */;
			productType = "com.apple.product-type.bundle.unit-test";
		};
		83599C291C8181120054E2EB /* ZhihuDailyUITests */ = {
			isa = PBXNativeTarget;
			buildConfigurationList = 83599C391C8181120054E2EB /* Build configuration list for PBXNativeTarget "ZhihuDailyUITests" */;
			buildPhases = (
				83599C261C8181120054E2EB /* Sources */,
				83599C271C8181120054E2EB /* Frameworks */,
				83599C281C8181120054E2EB /* Resources */,
			);
			buildRules = (
			);
			dependencies = (
				83599C2C1C8181120054E2EB /* PBXTargetDependency */,
			);
			name = ZhihuDailyUITests;
			productName = ZhihuDailyUITests;
			productReference = 83599C2A1C8181120054E2EB /* ZhihuDailyUITests.xctest */;
			productType = "com.apple.product-type.bundle.ui-testing";
		};
/* End PBXNativeTarget section */

/* Begin PBXProject section */
		83599BFE1C8181120054E2EB /* Project object */ = {
			isa = PBXProject;
			attributes = {
				LastUpgradeCheck = 0720;
				ORGANIZATIONNAME = Recover;
				TargetAttributes = {
					83599C051C8181120054E2EB = {
						CreatedOnToolsVersion = 7.2.1;
						DevelopmentTeam = BSX56YTBJ6;
					};
					83599C1E1C8181120054E2EB = {
						CreatedOnToolsVersion = 7.2.1;
						DevelopmentTeam = BSX56YTBJ6;
						TestTargetID = 83599C051C8181120054E2EB;
					};
					83599C291C8181120054E2EB = {
						CreatedOnToolsVersion = 7.2.1;
						DevelopmentTeam = BSX56YTBJ6;
						TestTargetID = 83599C051C8181120054E2EB;
					};
				};
			};
			buildConfigurationList = 83599C011C8181120054E2EB /* Build configuration list for PBXProject "ZhihuDaily" */;
			compatibilityVersion = "Xcode 3.2";
			developmentRegion = English;
			hasScannedForEncodings = 0;
			knownRegions = (
				en,
				Base,
			);
			mainGroup = 83599BFD1C8181120054E2EB;
			productRefGroup = 83599C071C8181120054E2EB /* Products */;
			projectDirPath = "";
			projectRoot = "";
			targets = (
				83599C051C8181120054E2EB /* ZhihuDaily */,
				83599C1E1C8181120054E2EB /* ZhihuDailyTests */,
				83599C291C8181120054E2EB /* ZhihuDailyUITests */,
			);
		};
/* End PBXProject section */

/* Begin PBXResourcesBuildPhase section */
		83599C041C8181120054E2EB /* Resources */ = {
			isa = PBXResourcesBuildPhase;
			buildActionMask = 2147483647;
			files = (
				83599C191C8181120054E2EB /* LaunchScreen.storyboard in Resources */,
				83599C161C8181120054E2EB /* Assets.xcassets in Resources */,
				83599C141C8181120054E2EB /* Main.storyboard in Resources */,
			);
			runOnlyForDeploymentPostprocessing = 0;
		};
		83599C1D1C8181120054E2EB /* Resources */ = {
			isa = PBXResourcesBuildPhase;
			buildActionMask = 2147483647;
			files = (
			);
			runOnlyForDeploymentPostprocessing = 0;
		};
		83599C281C8181120054E2EB /* Resources */ = {
			isa = PBXResourcesBuildPhase;
			buildActionMask = 2147483647;
			files = (
			);
			runOnlyForDeploymentPostprocessing = 0;
		};
/* End PBXResourcesBuildPhase section */

/* Begin PBXShellScriptBuildPhase section */
		1D3A368A5EB33783F4A6D39F /* Check Pods Manifest.lock */ = {
			isa = PBXShellScriptBuildPhase;
			buildActionMask = 2147483647;
			files = (
			);
			inputPaths = (
			);
			name = "Check Pods Manifest.lock";
			outputPaths = (
			);
			runOnlyForDeploymentPostprocessing = 0;
			shellPath = /bin/sh;
			shellScript = "diff \"${PODS_ROOT}/../Podfile.lock\" \"${PODS_ROOT}/Manifest.lock\" > /dev/null\nif [[ $? != 0 ]] ; then\n    cat << EOM\nerror: The sandbox is not in sync with the Podfile.lock. Run 'pod install' or update your CocoaPods installation.\nEOM\n    exit 1\nfi\n";
			showEnvVarsInLog = 0;
		};
		7D4A200DD33F9963AFF6C51B /* Copy Pods Resources */ = {
			isa = PBXShellScriptBuildPhase;
			buildActionMask = 2147483647;
			files = (
			);
			inputPaths = (
			);
			name = "Copy Pods Resources";
			outputPaths = (
			);
			runOnlyForDeploymentPostprocessing = 0;
			shellPath = /bin/sh;
			shellScript = "\"${SRCROOT}/Pods/Target Support Files/Pods/Pods-resources.sh\"\n";
			showEnvVarsInLog = 0;
		};
		DEC76EBD2A0738F8BC9CCDCD /* Embed Pods Frameworks */ = {
			isa = PBXShellScriptBuildPhase;
			buildActionMask = 2147483647;
			files = (
			);
			inputPaths = (
			);
			name = "Embed Pods Frameworks";
			outputPaths = (
			);
			runOnlyForDeploymentPostprocessing = 0;
			shellPath = /bin/sh;
			shellScript = "\"${SRCROOT}/Pods/Target Support Files/Pods/Pods-frameworks.sh\"\n";
			showEnvVarsInLog = 0;
		};
/* End PBXShellScriptBuildPhase section */

/* Begin PBXSourcesBuildPhase section */
		83599C021C8181120054E2EB /* Sources */ = {
			isa = PBXSourcesBuildPhase;
			buildActionMask = 2147483647;
			files = (
				8351C5881C8F1105007D078B /* SlideMenuViewController.m in Sources */,
				8387FFDA1C8B24B3004CAB78 /* TopImageView.m in Sources */,
				83D5F3361C81EFCC0071B958 /* SplashModel.m in Sources */,
				83471A411C8D887700A46C17 /* StoryDetailModel.m in Sources */,
				83F776DB1C84BD1200386F8D /* TopStoryModel.m in Sources */,
				83D5F3381C81EFCC0071B958 /* SplashViewController.m in Sources */,
				83F776C01C84340800386F8D /* ApiRequest.m in Sources */,
				8351C57E1C8F0F6C007D078B /* SlideMenuModel.m in Sources */,
				831264F71C86CC0700D48BEF /* BeforeStoriesModel.m in Sources */,
				8351C5851C8F0FF2007D078B /* SlideMenuView.m in Sources */,
				836505231C8C65E8003F9949 /* NavigationView.m in Sources */,
				83F776C51C84AA8900386F8D /* DailyTableViewController.m in Sources */,
				83471A2E1C8D4DAA00A46C17 /* MenuButton.m in Sources */,
				836505261C8C9424003F9949 /* DateHeaderView.m in Sources */,
				83F776C11C84340800386F8D /* NetworkClient.m in Sources */,
				83F776BF1C84340800386F8D /* AFHTTPSessionManager+SharedManager.m in Sources */,
				83D5F3371C81EFCC0071B958 /* SplashView.m in Sources */,
				836561541C8A9729000A14F7 /* ImageScrollView.m in Sources */,
				83F776D51C84BCAB00386F8D /* StoryModel.m in Sources */,
				83A0676B1C8FC86600C89FDF /* SlideModelCellModel.m in Sources */,
				83471A381C8D6F3B00A46C17 /* StoryDetailViewController.m in Sources */,
				83471A3E1C8D836F00A46C17 /* StoryDetailWebView.m in Sources */,
				831264FB1C86D9D400D48BEF /* DateConverter.m in Sources */,
				83D2191A1C857CA800EA76E8 /* ImageStoryCell.m in Sources */,
				83F776DE1C84CB3E00386F8D /* LatestStoriesModel.m in Sources */,
				83599C0E1C8181120054E2EB /* AppDelegate.m in Sources */,
				83599C0B1C8181120054E2EB /* main.m in Sources */,
				83471A441C8D8E3000A46C17 /* SectionModel.m in Sources */,
			);
			runOnlyForDeploymentPostprocessing = 0;
		};
		83599C1B1C8181120054E2EB /* Sources */ = {
			isa = PBXSourcesBuildPhase;
			buildActionMask = 2147483647;
			files = (
				83599C241C8181120054E2EB /* ZhihuDailyTests.m in Sources */,
			);
			runOnlyForDeploymentPostprocessing = 0;
		};
		83599C261C8181120054E2EB /* Sources */ = {
			isa = PBXSourcesBuildPhase;
			buildActionMask = 2147483647;
			files = (
				83599C2F1C8181120054E2EB /* ZhihuDailyUITests.m in Sources */,
			);
			runOnlyForDeploymentPostprocessing = 0;
		};
/* End PBXSourcesBuildPhase section */

/* Begin PBXTargetDependency section */
		83599C211C8181120054E2EB /* PBXTargetDependency */ = {
			isa = PBXTargetDependency;
			target = 83599C051C8181120054E2EB /* ZhihuDaily */;
			targetProxy = 83599C201C8181120054E2EB /* PBXContainerItemProxy */;
		};
		83599C2C1C8181120054E2EB /* PBXTargetDependency */ = {
			isa = PBXTargetDependency;
			target = 83599C051C8181120054E2EB /* ZhihuDaily */;
			targetProxy = 83599C2B1C8181120054E2EB /* PBXContainerItemProxy */;
		};
/* End PBXTargetDependency section */

/* Begin PBXVariantGroup section */
		83599C121C8181120054E2EB /* Main.storyboard */ = {
			isa = PBXVariantGroup;
			children = (
				83599C131C8181120054E2EB /* Base */,
			);
			name = Main.storyboard;
			sourceTree = "<group>";
		};
		83599C171C8181120054E2EB /* LaunchScreen.storyboard */ = {
			isa = PBXVariantGroup;
			children = (
				83599C181C8181120054E2EB /* Base */,
			);
			name = LaunchScreen.storyboard;
			sourceTree = "<group>";
		};
/* End PBXVariantGroup section */

/* Begin XCBuildConfiguration section */
		83599C311C8181120054E2EB /* Debug */ = {
			isa = XCBuildConfiguration;
			buildSettings = {
				ALWAYS_SEARCH_USER_PATHS = NO;
				CLANG_CXX_LANGUAGE_STANDARD = "gnu++0x";
				CLANG_CXX_LIBRARY = "libc++";
				CLANG_ENABLE_MODULES = YES;
				CLANG_ENABLE_OBJC_ARC = YES;
				CLANG_WARN_BOOL_CONVERSION = YES;
				CLANG_WARN_CONSTANT_CONVERSION = YES;
				CLANG_WARN_DIRECT_OBJC_ISA_USAGE = YES_ERROR;
				CLANG_WARN_EMPTY_BODY = YES;
				CLANG_WARN_ENUM_CONVERSION = YES;
				CLANG_WARN_INT_CONVERSION = YES;
				CLANG_WARN_OBJC_ROOT_CLASS = YES_ERROR;
				CLANG_WARN_UNREACHABLE_CODE = YES;
				CLANG_WARN__DUPLICATE_METHOD_MATCH = YES;
				"CODE_SIGN_IDENTITY[sdk=iphoneos*]" = "iPhone Developer";
				COPY_PHASE_STRIP = NO;
				DEBUG_INFORMATION_FORMAT = dwarf;
				ENABLE_STRICT_OBJC_MSGSEND = YES;
				ENABLE_TESTABILITY = YES;
				GCC_C_LANGUAGE_STANDARD = gnu99;
				GCC_DYNAMIC_NO_PIC = NO;
				GCC_NO_COMMON_BLOCKS = YES;
				GCC_OPTIMIZATION_LEVEL = 0;
				GCC_PREPROCESSOR_DEFINITIONS = (
					"DEBUG=1",
					"$(inherited)",
				);
				GCC_WARN_64_TO_32_BIT_CONVERSION = YES;
				GCC_WARN_ABOUT_RETURN_TYPE = YES_ERROR;
				GCC_WARN_UNDECLARED_SELECTOR = YES;
				GCC_WARN_UNINITIALIZED_AUTOS = YES_AGGRESSIVE;
				GCC_WARN_UNUSED_FUNCTION = YES;
				GCC_WARN_UNUSED_VARIABLE = YES;
				IPHONEOS_DEPLOYMENT_TARGET = 9.2;
				MTL_ENABLE_DEBUG_INFO = YES;
				ONLY_ACTIVE_ARCH = YES;
				SDKROOT = iphoneos;
			};
			name = Debug;
		};
		83599C321C8181120054E2EB /* Release */ = {
			isa = XCBuildConfiguration;
			buildSettings = {
				ALWAYS_SEARCH_USER_PATHS = NO;
				CLANG_CXX_LANGUAGE_STANDARD = "gnu++0x";
				CLANG_CXX_LIBRARY = "libc++";
				CLANG_ENABLE_MODULES = YES;
				CLANG_ENABLE_OBJC_ARC = YES;
				CLANG_WARN_BOOL_CONVERSION = YES;
				CLANG_WARN_CONSTANT_CONVERSION = YES;
				CLANG_WARN_DIRECT_OBJC_ISA_USAGE = YES_ERROR;
				CLANG_WARN_EMPTY_BODY = YES;
				CLANG_WARN_ENUM_CONVERSION = YES;
				CLANG_WARN_INT_CONVERSION = YES;
				CLANG_WARN_OBJC_ROOT_CLASS = YES_ERROR;
				CLANG_WARN_UNREACHABLE_CODE = YES;
				CLANG_WARN__DUPLICATE_METHOD_MATCH = YES;
				"CODE_SIGN_IDENTITY[sdk=iphoneos*]" = "iPhone Developer";
				COPY_PHASE_STRIP = NO;
				DEBUG_INFORMATION_FORMAT = "dwarf-with-dsym";
				ENABLE_NS_ASSERTIONS = NO;
				ENABLE_STRICT_OBJC_MSGSEND = YES;
				GCC_C_LANGUAGE_STANDARD = gnu99;
				GCC_NO_COMMON_BLOCKS = YES;
				GCC_WARN_64_TO_32_BIT_CONVERSION = YES;
				GCC_WARN_ABOUT_RETURN_TYPE = YES_ERROR;
				GCC_WARN_UNDECLARED_SELECTOR = YES;
				GCC_WARN_UNINITIALIZED_AUTOS = YES_AGGRESSIVE;
				GCC_WARN_UNUSED_FUNCTION = YES;
				GCC_WARN_UNUSED_VARIABLE = YES;
				IPHONEOS_DEPLOYMENT_TARGET = 9.2;
				MTL_ENABLE_DEBUG_INFO = NO;
				SDKROOT = iphoneos;
				VALIDATE_PRODUCT = YES;
			};
			name = Release;
		};
		83599C341C8181120054E2EB /* Debug */ = {
			isa = XCBuildConfiguration;
			baseConfigurationReference = 01F833E51A57CF55310FED17 /* Pods.debug.xcconfig */;
			buildSettings = {
				ASSETCATALOG_COMPILER_APPICON_NAME = AppIcon;
				GCC_PRECOMPILE_PREFIX_HEADER = YES;
				GCC_PREFIX_HEADER = ZhihuDaily/ZhihuDaily.pch;
				INFOPLIST_FILE = ZhihuDaily/Info.plist;
				IPHONEOS_DEPLOYMENT_TARGET = 9.2;
				LD_RUNPATH_SEARCH_PATHS = "$(inherited) @executable_path/Frameworks";
				PRODUCT_BUNDLE_IDENTIFIER = com.Recover.ZhihuDaily;
				PRODUCT_NAME = "$(TARGET_NAME)";
			};
			name = Debug;
		};
		83599C351C8181120054E2EB /* Release */ = {
			isa = XCBuildConfiguration;
			baseConfigurationReference = BA36B153378AACC1C1174823 /* Pods.release.xcconfig */;
			buildSettings = {
				ASSETCATALOG_COMPILER_APPICON_NAME = AppIcon;
				GCC_PRECOMPILE_PREFIX_HEADER = YES;
				GCC_PREFIX_HEADER = ZhihuDaily/ZhihuDaily.pch;
				INFOPLIST_FILE = ZhihuDaily/Info.plist;
				IPHONEOS_DEPLOYMENT_TARGET = 9.2;
				LD_RUNPATH_SEARCH_PATHS = "$(inherited) @executable_path/Frameworks";
				PRODUCT_BUNDLE_IDENTIFIER = com.Recover.ZhihuDaily;
				PRODUCT_NAME = "$(TARGET_NAME)";
			};
			name = Release;
		};
		83599C371C8181120054E2EB /* Debug */ = {
			isa = XCBuildConfiguration;
			buildSettings = {
				BUNDLE_LOADER = "$(TEST_HOST)";
				INFOPLIST_FILE = ZhihuDailyTests/Info.plist;
				LD_RUNPATH_SEARCH_PATHS = "$(inherited) @executable_path/Frameworks @loader_path/Frameworks";
				PRODUCT_BUNDLE_IDENTIFIER = com.Recover.ZhihuDailyTests;
				PRODUCT_NAME = "$(TARGET_NAME)";
				TEST_HOST = "$(BUILT_PRODUCTS_DIR)/ZhihuDaily.app/ZhihuDaily";
			};
			name = Debug;
		};
		83599C381C8181120054E2EB /* Release */ = {
			isa = XCBuildConfiguration;
			buildSettings = {
				BUNDLE_LOADER = "$(TEST_HOST)";
				INFOPLIST_FILE = ZhihuDailyTests/Info.plist;
				LD_RUNPATH_SEARCH_PATHS = "$(inherited) @executable_path/Frameworks @loader_path/Frameworks";
				PRODUCT_BUNDLE_IDENTIFIER = com.Recover.ZhihuDailyTests;
				PRODUCT_NAME = "$(TARGET_NAME)";
				TEST_HOST = "$(BUILT_PRODUCTS_DIR)/ZhihuDaily.app/ZhihuDaily";
			};
			name = Release;
		};
		83599C3A1C8181120054E2EB /* Debug */ = {
			isa = XCBuildConfiguration;
			buildSettings = {
				INFOPLIST_FILE = ZhihuDailyUITests/Info.plist;
				LD_RUNPATH_SEARCH_PATHS = "$(inherited) @executable_path/Frameworks @loader_path/Frameworks";
				PRODUCT_BUNDLE_IDENTIFIER = com.Recover.ZhihuDailyUITests;
				PRODUCT_NAME = "$(TARGET_NAME)";
				TEST_TARGET_NAME = ZhihuDaily;
				USES_XCTRUNNER = YES;
			};
			name = Debug;
		};
		83599C3B1C8181120054E2EB /* Release */ = {
			isa = XCBuildConfiguration;
			buildSettings = {
				INFOPLIST_FILE = ZhihuDailyUITests/Info.plist;
				LD_RUNPATH_SEARCH_PATHS = "$(inherited) @executable_path/Frameworks @loader_path/Frameworks";
				PRODUCT_BUNDLE_IDENTIFIER = com.Recover.ZhihuDailyUITests;
				PRODUCT_NAME = "$(TARGET_NAME)";
				TEST_TARGET_NAME = ZhihuDaily;
				USES_XCTRUNNER = YES;
			};
			name = Release;
		};
/* End XCBuildConfiguration section */

/* Begin XCConfigurationList section */
		83599C011C8181120054E2EB /* Build configuration list for PBXProject "ZhihuDaily" */ = {
			isa = XCConfigurationList;
			buildConfigurations = (
				83599C311C8181120054E2EB /* Debug */,
				83599C321C8181120054E2EB /* Release */,
			);
			defaultConfigurationIsVisible = 0;
			defaultConfigurationName = Release;
		};
		83599C331C8181120054E2EB /* Build configuration list for PBXNativeTarget "ZhihuDaily" */ = {
			isa = XCConfigurationList;
			buildConfigurations = (
				83599C341C8181120054E2EB /* Debug */,
				83599C351C8181120054E2EB /* Release */,
			);
			defaultConfigurationIsVisible = 0;
			defaultConfigurationName = Release;
		};
		83599C361C8181120054E2EB /* Build configuration list for PBXNativeTarget "ZhihuDailyTests" */ = {
			isa = XCConfigurationList;
			buildConfigurations = (
				83599C371C8181120054E2EB /* Debug */,
				83599C381C8181120054E2EB /* Release */,
			);
			defaultConfigurationIsVisible = 0;
			defaultConfigurationName = Release;
		};
		83599C391C8181120054E2EB /* Build configuration list for PBXNativeTarget "ZhihuDailyUITests" */ = {
			isa = XCConfigurationList;
			buildConfigurations = (
				83599C3A1C8181120054E2EB /* Debug */,
				83599C3B1C8181120054E2EB /* Release */,
			);
			defaultConfigurationIsVisible = 0;
			defaultConfigurationName = Release;
		};
/* End XCConfigurationList section */
	};
	rootObject = 83599BFE1C8181120054E2EB /* Project object */;
}
